
Microsoft Visual Studio Solution File, Format Version 12.00
# Visual Studio Version 17
VisualStudioVersion = 17.9.34714.143
MinimumVisualStudioVersion = 10.0.40219.1
Project("{FAE04EC0-301F-11D3-BF4B-00C04F79EFBC}") = "MyAmazonWebsite", "MyAmazonWebsite.csproj", "{79AD133C-902C-401C-8170-1264178C131C}"
EndProject
Global
	GlobalSection(SolutionConfigurationPlatforms) = preSolution
		Debug|Any CPU = Debug|Any CPU
		Release|Any CPU = Release|Any CPU
	EndGlobalSection
	GlobalSection(ProjectConfigurationPlatforms) = postSolution
		{79AD133C-902C-401C-8170-1264178C131C}.Debug|Any CPU.ActiveCfg = Debug|Any CPU
		{79AD133C-902C-401C-8170-1264178C131C}.Debug|Any CPU.Build.0 = Debug|Any CPU
		{79AD133C-902C-401C-8170-1264178C131C}.Release|Any CPU.ActiveCfg = Release|Any CPU
		{79AD133C-902C-401C-8170-1264178C131C}.Release|Any CPU.Build.0 = Release|Any CPU
	EndGlobalSection
	GlobalSection(SolutionProperties) = preSolution
		HideSolutionNode = FALSE
	EndGlobalSection
	GlobalSection(ExtensibilityGlobals) = postSolution
		SolutionGuid = {E57B99BF-B335-46F0-8779-632F3384A280}
	EndGlobalSection
EndGlobal
